// !$*UTF8*$!
{
	archiveVersion = 1;
	classes = {
	};
	objectVersion = 46;
	objects = {

/* Begin PBXBuildFile section */
		577777E715DAA6DB00E27FA5 /* UIKit.framework in Frameworks */ = {isa = PBXBuildFile; fileRef = 577777E615DAA6DB00E27FA5 /* UIKit.framework */; };
		577777E915DAA6DB00E27FA5 /* Foundation.framework in Frameworks */ = {isa = PBXBuildFile; fileRef = 577777E815DAA6DB00E27FA5 /* Foundation.framework */; };
		577777EB15DAA6DB00E27FA5 /* CoreGraphics.framework in Frameworks */ = {isa = PBXBuildFile; fileRef = 577777EA15DAA6DB00E27FA5 /* CoreGraphics.framework */; };
		577777F315DAA6DB00E27FA5 /* main.m in Sources */ = {isa = PBXBuildFile; fileRef = 577777F215DAA6DB00E27FA5 /* main.m */; };
		577777F715DAA6DB00E27FA5 /* PLAppDelegate.m in Sources */ = {isa = PBXBuildFile; fileRef = 577777F615DAA6DB00E27FA5 /* PLAppDelegate.m */; };
/* End PBXBuildFile section */

/* Begin PBXFileReference section */
		577777E215DAA6DB00E27FA5 /* 1PassLauncher.app */ = {isa = PBXFileReference; explicitFileType = wrapper.application; includeInIndex = 0; path = 1PassLauncher.app; sourceTree = BUILT_PRODUCTS_DIR; };
		577777E615DAA6DB00E27FA5 /* UIKit.framework */ = {isa = PBXFileReference; lastKnownFileType = wrapper.framework; name = UIKit.framework; path = System/Library/Frameworks/UIKit.framework; sourceTree = SDKROOT; };
		577777E815DAA6DB00E27FA5 /* Foundation.framework */ = {isa = PBXFileReference; lastKnownFileType = wrapper.framework; name = Foundation.framework; path = System/Library/Frameworks/Foundation.framework; sourceTree = SDKROOT; };
		577777EA15DAA6DB00E27FA5 /* CoreGraphics.framework */ = {isa = PBXFileReference; lastKnownFileType = wrapper.framework; name = CoreGraphics.framework; path = System/Library/Frameworks/CoreGraphics.framework; sourceTree = SDKROOT; };
		577777EE15DAA6DB00E27FA5 /* 1PassLauncher-Info.plist */ = {isa = PBXFileReference; lastKnownFileType = text.plist.xml; path = "1PassLauncher-Info.plist"; sourceTree = "<group>"; };
		577777F215DAA6DB00E27FA5 /* main.m */ = {isa = PBXFileReference; lastKnownFileType = sourcecode.c.objc; path = main.m; sourceTree = "<group>"; };
		577777F415DAA6DB00E27FA5 /* 1PassLauncher-Prefix.pch */ = {isa = PBXFileReference; lastKnownFileType = sourcecode.c.h; path = "1PassLauncher-Prefix.pch"; sourceTree = "<group>"; };
		577777F515DAA6DB00E27FA5 /* PLAppDelegate.h */ = {isa = PBXFileReference; lastKnownFileType = sourcecode.c.h; path = PLAppDelegate.h; sourceTree = "<group>"; };
		577777F615DAA6DB00E27FA5 /* PLAppDelegate.m */ = {isa = PBXFileReference; lastKnownFileType = sourcecode.c.objc; path = PLAppDelegate.m; sourceTree = "<group>"; };
/* End PBXFileReference section */

/* Begin PBXFrameworksBuildPhase section */
		577777DF15DAA6DA00E27FA5 /* Frameworks */ = {
			isa = PBXFrameworksBuildPhase;
			buildActionMask = 2147483647;
			files = (
				577777E715DAA6DB00E27FA5 /* UIKit.framework in Frameworks */,
				577777E915DAA6DB00E27FA5 /* Foundation.framework in Frameworks */,
				577777EB15DAA6DB00E27FA5 /* CoreGraphics.framework in Frameworks */,
			);
			runOnlyForDeploymentPostprocessing = 0;
		};
/* End PBXFrameworksBuildPhase section */

/* Begin PBXGroup section */
		577777D715DAA6DA00E27FA5 = {
			isa = PBXGroup;
			children = (
				577777EC15DAA6DB00E27FA5 /* 1PassLauncher */,
				577777E515DAA6DB00E27FA5 /* Frameworks */,
				577777E315DAA6DB00E27FA5 /* Products */,
			);
			sourceTree = "<group>";
		};
		577777E315DAA6DB00E27FA5 /* Products */ = {
			isa = PBXGroup;
			children = (
				577777E215DAA6DB00E27FA5 /* 1PassLauncher.app */,
			);
			name = Products;
			sourceTree = "<group>";
		};
		577777E515DAA6DB00E27FA5 /* Frameworks */ = {
			isa = PBXGroup;
			children = (
				577777E615DAA6DB00E27FA5 /* UIKit.framework */,
				577777E815DAA6DB00E27FA5 /* Foundation.framework */,
				577777EA15DAA6DB00E27FA5 /* CoreGraphics.framework */,
			);
			name = Frameworks;
			sourceTree = "<group>";
		};
		577777EC15DAA6DB00E27FA5 /* 1PassLauncher */ = {
			isa = PBXGroup;
			children = (
				577777F515DAA6DB00E27FA5 /* PLAppDelegate.h */,
				577777F615DAA6DB00E27FA5 /* PLAppDelegate.m */,
				577777ED15DAA6DB00E27FA5 /* Supporting Files */,
			);
			path = 1PassLauncher;
			sourceTree = "<group>";
		};
		577777ED15DAA6DB00E27FA5 /* Supporting Files */ = {
			isa = PBXGroup;
			children = (
				577777EE15DAA6DB00E27FA5 /* 1PassLauncher-Info.plist */,
				577777F215DAA6DB00E27FA5 /* main.m */,
				577777F415DAA6DB00E27FA5 /* 1PassLauncher-Prefix.pch */,
			);
			name = "Supporting Files";
			sourceTree = "<group>";
		};
/* End PBXGroup section */

/* Begin PBXNativeTarget section */
		577777E115DAA6DA00E27FA5 /* 1PassLauncher */ = {
			isa = PBXNativeTarget;
			buildConfigurationList = 577777FA15DAA6DB00E27FA5 /* Build configuration list for PBXNativeTarget "1PassLauncher" */;
			buildPhases = (
				577777DE15DAA6DA00E27FA5 /* Sources */,
				577777DF15DAA6DA00E27FA5 /* Frameworks */,
				577777E015DAA6DA00E27FA5 /* Resources */,
			);
			buildRules = (
			);
			dependencies = (
			);
			name = 1PassLauncher;
			productName = 1PassLauncher;
			productReference = 577777E215DAA6DB00E27FA5 /* 1PassLauncher.app */;
			productType = "com.apple.product-type.application";
		};
/* End PBXNativeTarget section */

/* Begin PBXProject section */
		577777D915DAA6DA00E27FA5 /* Project object */ = {
			isa = PBXProject;
			attributes = {
				CLASSPREFIX = PL;
				LastUpgradeCheck = 0440;
				ORGANIZATIONNAME = itok;
			};
			buildConfigurationList = 577777DC15DAA6DA00E27FA5 /* Build configuration list for PBXProject "1PassLauncher" */;
			compatibilityVersion = "Xcode 3.2";
			developmentRegion = English;
			hasScannedForEncodings = 0;
			knownRegions = (
				en,
			);
			mainGroup = 577777D715DAA6DA00E27FA5;
			productRefGroup = 577777E315DAA6DB00E27FA5 /* Products */;
			projectDirPath = "";
			projectRoot = "";
			targets = (
				577777E115DAA6DA00E27FA5 /* 1PassLauncher */,
			);
		};
/* End PBXProject section */

/* Begin PBXResourcesBuildPhase section */
		577777E015DAA6DA00E27FA5 /* Resources */ = {
			isa = PBXResourcesBuildPhase;
			buildActionMask = 2147483647;
			files = (
			);
			runOnlyForDeploymentPostprocessing = 0;
		};
/* End PBXResourcesBuildPhase section */

/* Begin PBXSourcesBuildPhase section */
		577777DE15DAA6DA00E27FA5 /* Sources */ = {
			isa = PBXSourcesBuildPhase;
			buildActionMask = 2147483647;
			files = (
				577777F315DAA6DB00E27FA5 /* main.m in Sources */,
				577777F715DAA6DB00E27FA5 /* PLAppDelegate.m in Sources */,
			);
			runOnlyForDeploymentPostprocessing = 0;
		};
/* End PBXSourcesBuildPhase section */

/* Begin XCBuildConfiguration section */
		577777F815DAA6DB00E27FA5 /* Debug */ = {
			isa = XCBuildConfiguration;
			buildSettings = {
				ALWAYS_SEARCH_USER_PATHS = NO;
				ARCHS = "$(ARCHS_STANDARD_32_BIT)";
				CLANG_CXX_LANGUAGE_STANDARD = "gnu++0x";
				CLANG_ENABLE_OBJC_ARC = YES;
				CLANG_WARN__DUPLICATE_METHOD_MATCH = YES;
				"CODE_SIGN_IDENTITY[sdk=iphoneos*]" = "iPhone Developer";
				COPY_PHASE_STRIP = NO;
				GCC_C_LANGUAGE_STANDARD = gnu99;
				GCC_DYNAMIC_NO_PIC = NO;
				GCC_OPTIMIZATION_LEVEL = 0;
				GCC_PREPROCESSOR_DEFINITIONS = (
					"DEBUG=1",
					"$(inherited)",
				);
				GCC_SYMBOLS_PRIVATE_EXTERN = NO;
				GCC_VERSION = com.apple.compilers.llvm.clang.1_0;
				GCC_WARN_ABOUT_RETURN_TYPE = YES;
				GCC_WARN_UNINITIALIZED_AUTOS = YES;
				GCC_WARN_UNUSED_VARIABLE = YES;
				IPHONEOS_DEPLOYMENT_TARGET = 5.1;
				SDKROOT = iphoneos;
				TARGETED_DEVICE_FAMILY = "1,2";
			};
			name = Debug;
		};
		577777F915DAA6DB00E27FA5 /* Release */ = {
			isa = XCBuildConfiguration;
			buildSettings = {
				ALWAYS_SEARCH_USER_PATHS = NO;
				ARCHS = "$(ARCHS_STANDARD_32_BIT)";
				CLANG_CXX_LANGUAGE_STANDARD = "gnu++0x";
				CLANG_ENABLE_OBJC_ARC = YES;
				CLANG_WARN__DUPLICATE_METHOD_MATCH = YES;
				"CODE_SIGN_IDENTITY[sdk=iphoneos*]" = "iPhone Developer";
				COPY_PHASE_STRIP = YES;
				GCC_C_LANGUAGE_STANDARD = gnu99;
				GCC_VERSION = com.apple.compilers.llvm.clang.1_0;
				GCC_WARN_ABOUT_RETURN_TYPE = YES;
				GCC_WARN_UNINITIALIZED_AUTOS = YES;
				GCC_WARN_UNUSED_VARIABLE = YES;
				IPHONEOS_DEPLOYMENT_TARGET = 5.1;
				OTHER_CFLAGS = "-DNS_BLOCK_ASSERTIONS=1";
				SDKROOT = iphoneos;
				TARGETED_DEVICE_FAMILY = "1,2";
				VALIDATE_PRODUCT = YES;
			};
			name = Release;
		};
		577777FB15DAA6DB00E27FA5 /* Debug */ = {
			isa = XCBuildConfiguration;
			buildSettings = {
				GCC_PRECOMPILE_PREFIX_HEADER = YES;
				GCC_PREFIX_HEADER = "1PassLauncher/1PassLauncher-Prefix.pch";
				INFOPLIST_FILE = "1PassLauncher/1PassLauncher-Info.plist";
				PRODUCT_NAME = "$(TARGET_NAME)";
				WRAPPER_EXTENSION = app;
			};
			name = Debug;
		};
		577777FC15DAA6DB00E27FA5 /* Release */ = {
			isa = XCBuildConfiguration;
			buildSettings = {
				GCC_PRECOMPILE_PREFIX_HEADER = YES;
				GCC_PREFIX_HEADER = "1PassLauncher/1PassLauncher-Prefix.pch";
				INFOPLIST_FILE = "1PassLauncher/1PassLauncher-Info.plist";
				PRODUCT_NAME = "$(TARGET_NAME)";
				WRAPPER_EXTENSION = app;
			};
			name = Release;
		};
/* End XCBuildConfiguration section */

/* Begin XCConfigurationList section */
		577777DC15DAA6DA00E27FA5 /* Build configuration list for PBXProject "1PassLauncher" */ = {
			isa = XCConfigurationList;
			buildConfigurations = (
				577777F815DAA6DB00E27FA5 /* Debug */,
				577777F915DAA6DB00E27FA5 /* Release */,
			);
			defaultConfigurationIsVisible = 0;
			defaultConfigurationName = Release;
		};
		577777FA15DAA6DB00E27FA5 /* Build configuration list for PBXNativeTarget "1PassLauncher" */ = {
			isa = XCConfigurationList;
			buildConfigurations = (
				577777FB15DAA6DB00E27FA5 /* Debug */,
				577777FC15DAA6DB00E27FA5 /* Release */,
			);
			defaultConfigurationIsVisible = 0;
			defaultConfigurationName = Release;
		};
/* End XCConfigurationList section */
	};
	rootObject = 577777D915DAA6DA00E27FA5 /* Project object */;
}
